github.com/3rg0n/inferd/clients/go v0.0.0-20260519141934-2e88c643e92a h1:bxuCoHC4M1bNX0BkbfxHvejrx9iaHHVIxXpJLZ/Vt4k=
github.com/3rg0n/inferd/clients/go v0.0.0-20260519141934-2e88c643e92a/go.mod h1:1HZtej0Y1+T2+qfoKpyvFDMC6KcDRrX6GaTLL5lW4WQ=
github.com/3rg0n/inferd/clients/go v0.0.0-20260520143558-ac1edf7c9c3f h1:pdqDtAEUUk/vqkQJs1X8o9YmVylXcA/LSFEYUuyPhHc=
github.com/3rg0n/inferd/clients/go v0.0.0-20260520143558-ac1edf7c9c3f/go.mod h1:1HZtej0Y1+T2+qfoKpyvFDMC6KcDRrX6GaTLL5lW4WQ=
github.com/3rg0n/inferd/clients/go v0.0.0-20260520164236-741b999c9c40 h1:nu9zkPI8PBErw5vi5fXmslXPNxQX/BvzkkIj6LZnHWs=
github.com/3rg0n/inferd/clients/go v0.0.0-20260520164236-741b999c9c40/go.mod h1:1HZtej0Y1+T2+qfoKpyvFDMC6KcDRrX6GaTLL5lW4WQ=
github.com/3rg0n/inferd/clients/go v0.0.0-20260520173420-ac020bb1023f h1:c9zF+5FepZQqF6vAgBTUR7pAvrHluUDYi7A8MmdMjS0=
github.com/3rg0n/inferd/clients/go v0.0.0-20260520173420-ac020bb1023f/go.mod h1:1HZtej0Y1+T2+qfoKpyvFDMC6KcDRrX6GaTLL5lW4WQ=
github.com/3rg0n/inferd/clients/go v0.0.0-20260520194820-1fe99d4f0446 h1:ga7FjIcmoS97z8p/9Jk2UYBQHiT6M3Q5am7xKzON8wk=
github.com/3rg0n/inferd/clients/go v0.0.0-20260520194820-1fe99d4f0446/go.mod h1:1HZtej0Y1+T2+qfoKpyvFDMC6KcDRrX6GaTLL5lW4WQ=
github.com/Microsoft/go-winio v0.6.2 h1:F2VQgta7ecxGYO8k3ZZz3RS8fVIXVxONVUPlNERoyfY=
github.com/Microsoft/go-winio v0.6.2/go.mod h1:yd8OoFMLzJbo9gZq8j5qaps8bJ9aShtEA8Ipt1oGCvU=
golang.org/x/sys v0.44.0 h1:ildZl3J4uzeKP07r2F++Op7E9B29JRUy+a27EibtBTQ=
golang.org/x/sys v0.44.0/go.mod h1:4GL1E5IUh+htKOUEOaiffhrAeqysfVGipDYzABqnCmw=
gopkg.in/check.v1 v0.0.0-20161208181325-20d25e280405 h1:yhCVgyC4o1eVCa2tZl7eS0r+SDo693bJlVdllGtEeKM=
gopkg.in/check.v1 v0.0.0-20161208181325-20d25e280405/go.mod h1:Co6ibVJAznAaIkqp8huTwlJQCZ016jof/cbN4VW5Yz0=
gopkg.in/yaml.v3 v3.0.1 h1:fxVm/GzAzEWqLHuvctI91KS9hhNmmWOoWu0XTYJS7CA=
gopkg.in/yaml.v3 v3.0.1/go.mod h1:K4uyk7z7BCEPqu6E+C64Yfv1cQ7kz7rIZviUmN+EgEM=
